
Microsoft Visual Studio Solution File, Format Version 12.00
# Visual Studio 15
VisualStudioVersion = 15.0.28010.2046
MinimumVisualStudioVersion = 10.0.40219.1
Project("{FAE04EC0-301F-11D3-BF4B-00C04F79EFBC}") = "SamsonTechMobileApp.Android", "SamsonTechMobileApp\SamsonTechMobileApp.Android\SamsonTechMobileApp.Android.csproj", "{AC091DD7-0D54-41E1-A6A5-1DB4F007D65B}"
EndProject
Project("{FAE04EC0-301F-11D3-BF4B-00C04F79EFBC}") = "SamsonTechMobileApp.iOS", "SamsonTechMobileApp\SamsonTechMobileApp.iOS\SamsonTechMobileApp.iOS.csproj", "{839EE314-53E3-44F6-8C38-F69D5590D8DF}"
EndProject
Project("{FAE04EC0-301F-11D3-BF4B-00C04F79EFBC}") = "SamsonTechMobileApp", "SamsonTechMobileApp\SamsonTechMobileApp\SamsonTechMobileApp.csproj", "{645351DD-2A29-4CEB-80E6-75075238CB5C}"
EndProject
Global
	GlobalSection(SolutionConfigurationPlatforms) = preSolution
		Ad-Hoc|Any CPU = Ad-Hoc|Any CPU
		Ad-Hoc|iPhone = Ad-Hoc|iPhone
		Ad-Hoc|iPhoneSimulator = Ad-Hoc|iPhoneSimulator
		AppStore|Any CPU = AppStore|Any CPU
		AppStore|iPhone = AppStore|iPhone
		AppStore|iPhoneSimulator = AppStore|iPhoneSimulator
		Debug|Any CPU = Debug|Any CPU
		Debug|iPhone = Debug|iPhone
		Debug|iPhoneSimulator = Debug|iPhoneSimulator
		Release|Any CPU = Release|Any CPU
		Release|iPhone = Release|iPhone
		Release|iPhoneSimulator = Release|iPhoneSimulator
	EndGlobalSection
	GlobalSection(ProjectConfigurationPlatforms) = postSolution
		{AC091DD7-0D54-41E1-A6A5-1DB4F007D65B}.Ad-Hoc|Any CPU.ActiveCfg = Release|Any CPU
		{AC091DD7-0D54-41E1-A6A5-1DB4F007D65B}.Ad-Hoc|Any CPU.Build.0 = Release|Any CPU
		{AC091DD7-0D54-41E1-A6A5-1DB4F007D65B}.Ad-Hoc|Any CPU.Deploy.0 = Release|Any CPU
		{AC091DD7-0D54-41E1-A6A5-1DB4F007D65B}.Ad-Hoc|iPhone.ActiveCfg = Release|Any CPU
		{AC091DD7-0D54-41E1-A6A5-1DB4F007D65B}.Ad-Hoc|iPhone.Build.0 = Release|Any CPU
		{AC091DD7-0D54-41E1-A6A5-1DB4F007D65B}.Ad-Hoc|iPhone.Deploy.0 = Release|Any CPU
		{AC091DD7-0D54-41E1-A6A5-1DB4F007D65B}.Ad-Hoc|iPhoneSimulator.ActiveCfg = Release|Any CPU
		{AC091DD7-0D54-41E1-A6A5-1DB4F007D65B}.Ad-Hoc|iPhoneSimulator.Build.0 = Release|Any CPU
		{AC091DD7-0D54-41E1-A6A5-1DB4F007D65B}.Ad-Hoc|iPhoneSimulator.Deploy.0 = Release|Any CPU
		{AC091DD7-0D54-41E1-A6A5-1DB4F007D65B}.AppStore|Any CPU.ActiveCfg = Release|Any CPU
		{AC091DD7-0D54-41E1-A6A5-1DB4F007D65B}.AppStore|Any CPU.Build.0 = Release|Any CPU
		{AC091DD7-0D54-41E1-A6A5-1DB4F007D65B}.AppStore|Any CPU.Deploy.0 = Release|Any CPU
		{AC091DD7-0D54-41E1-A6A5-1DB4F007D65B}.AppStore|iPhone.ActiveCfg = Release|Any CPU
		{AC091DD7-0D54-41E1-A6A5-1DB4F007D65B}.AppStore|iPhone.Build.0 = Release|Any CPU
		{AC091DD7-0D54-41E1-A6A5-1DB4F007D65B}.AppStore|iPhone.Deploy.0 = Release|Any CPU
		{AC091DD7-0D54-41E1-A6A5-1DB4F007D65B}.AppStore|iPhoneSimulator.ActiveCfg = Release|Any CPU
		{AC091DD7-0D54-41E1-A6A5-1DB4F007D65B}.AppStore|iPhoneSimulator.Build.0 = Release|Any CPU
		{AC091DD7-0D54-41E1-A6A5-1DB4F007D65B}.AppStore|iPhoneSimulator.Deploy.0 = Release|Any CPU
		{AC091DD7-0D54-41E1-A6A5-1DB4F007D65B}.Debug|Any CPU.ActiveCfg = Debug|Any CPU
		{AC091DD7-0D54-41E1-A6A5-1DB4F007D65B}.Debug|Any CPU.Build.0 = Debug|Any CPU
		{AC091DD7-0D54-41E1-A6A5-1DB4F007D65B}.Debug|Any CPU.Deploy.0 = Debug|Any CPU
		{AC091DD7-0D54-41E1-A6A5-1DB4F007D65B}.Debug|iPhone.ActiveCfg = Debug|Any CPU
		{AC091DD7-0D54-41E1-A6A5-1DB4F007D65B}.Debug|iPhone.Build.0 = Debug|Any CPU
		{AC091DD7-0D54-41E1-A6A5-1DB4F007D65B}.Debug|iPhone.Deploy.0 = Debug|Any CPU
		{AC091DD7-0D54-41E1-A6A5-1DB4F007D65B}.Debug|iPhoneSimulator.ActiveCfg = Debug|Any CPU
		{AC091DD7-0D54-41E1-A6A5-1DB4F007D65B}.Debug|iPhoneSimulator.Build.0 = Debug|Any CPU
		{AC091DD7-0D54-41E1-A6A5-1DB4F007D65B}.Debug|iPhoneSimulator.Deploy.0 = Debug|Any CPU
		{AC091DD7-0D54-41E1-A6A5-1DB4F007D65B}.Release|Any CPU.ActiveCfg = Release|Any CPU
		{AC091DD7-0D54-41E1-A6A5-1DB4F007D65B}.Release|Any CPU.Build.0 = Release|Any CPU
		{AC091DD7-0D54-41E1-A6A5-1DB4F007D65B}.Release|Any CPU.Deploy.0 = Release|Any CPU
		{AC091DD7-0D54-41E1-A6A5-1DB4F007D65B}.Release|iPhone.ActiveCfg = Release|Any CPU
		{AC091DD7-0D54-41E1-A6A5-1DB4F007D65B}.Release|iPhone.Build.0 = Release|Any CPU
		{AC091DD7-0D54-41E1-A6A5-1DB4F007D65B}.Release|iPhone.Deploy.0 = Release|Any CPU
		{AC091DD7-0D54-41E1-A6A5-1DB4F007D65B}.Release|iPhoneSimulator.ActiveCfg = Release|Any CPU
		{AC091DD7-0D54-41E1-A6A5-1DB4F007D65B}.Release|iPhoneSimulator.Build.0 = Release|Any CPU
		{AC091DD7-0D54-41E1-A6A5-1DB4F007D65B}.Release|iPhoneSimulator.Deploy.0 = Release|Any CPU
		{839EE314-53E3-44F6-8C38-F69D5590D8DF}.Ad-Hoc|Any CPU.ActiveCfg = Ad-Hoc|iPhone
		{839EE314-53E3-44F6-8C38-F69D5590D8DF}.Ad-Hoc|Any CPU.Build.0 = Ad-Hoc|iPhone
		{839EE314-53E3-44F6-8C38-F69D5590D8DF}.Ad-Hoc|Any CPU.Deploy.0 = Ad-Hoc|iPhone
		{839EE314-53E3-44F6-8C38-F69D5590D8DF}.Ad-Hoc|iPhone.ActiveCfg = Ad-Hoc|iPhone
		{839EE314-53E3-44F6-8C38-F69D5590D8DF}.Ad-Hoc|iPhone.Build.0 = Ad-Hoc|iPhone
		{839EE314-53E3-44F6-8C38-F69D5590D8DF}.Ad-Hoc|iPhone.Deploy.0 = Ad-Hoc|iPhone
		{839EE314-53E3-44F6-8C38-F69D5590D8DF}.Ad-Hoc|iPhoneSimulator.ActiveCfg = Ad-Hoc|iPhoneSimulator
		{839EE314-53E3-44F6-8C38-F69D5590D8DF}.Ad-Hoc|iPhoneSimulator.Build.0 = Ad-Hoc|iPhoneSimulator
		{839EE314-53E3-44F6-8C38-F69D5590D8DF}.Ad-Hoc|iPhoneSimulator.Deploy.0 = Ad-Hoc|iPhoneSimulator
		{839EE314-53E3-44F6-8C38-F69D5590D8DF}.AppStore|Any CPU.ActiveCfg = AppStore|iPhone
		{839EE314-53E3-44F6-8C38-F69D5590D8DF}.AppStore|Any CPU.Build.0 = AppStore|iPhone
		{839EE314-53E3-44F6-8C38-F69D5590D8DF}.AppStore|Any CPU.Deploy.0 = AppStore|iPhone
		{839EE314-53E3-44F6-8C38-F69D5590D8DF}.AppStore|iPhone.ActiveCfg = AppStore|iPhone
		{839EE314-53E3-44F6-8C38-F69D5590D8DF}.AppStore|iPhone.Build.0 = AppStore|iPhone
		{839EE314-53E3-44F6-8C38-F69D5590D8DF}.AppStore|iPhone.Deploy.0 = AppStore|iPhone
		{839EE314-53E3-44F6-8C38-F69D5590D8DF}.AppStore|iPhoneSimulator.ActiveCfg = AppStore|iPhoneSimulator
		{839EE314-53E3-44F6-8C38-F69D5590D8DF}.AppStore|iPhoneSimulator.Build.0 = AppStore|iPhoneSimulator
		{839EE314-53E3-44F6-8C38-F69D5590D8DF}.AppStore|iPhoneSimulator.Deploy.0 = AppStore|iPhoneSimulator
		{839EE314-53E3-44F6-8C38-F69D5590D8DF}.Debug|Any CPU.ActiveCfg = Debug|iPhoneSimulator
		{839EE314-53E3-44F6-8C38-F69D5590D8DF}.Debug|Any CPU.Build.0 = Debug|iPhoneSimulator
		{839EE314-53E3-44F6-8C38-F69D5590D8DF}.Debug|Any CPU.Deploy.0 = Debug|iPhoneSimulator
		{839EE314-53E3-44F6-8C38-F69D5590D8DF}.Debug|iPhone.ActiveCfg = Debug|iPhone
		{839EE314-53E3-44F6-8C38-F69D5590D8DF}.Debug|iPhone.Build.0 = Debug|iPhone
		{839EE314-53E3-44F6-8C38-F69D5590D8DF}.Debug|iPhone.Deploy.0 = Debug|iPhone
		{839EE314-53E3-44F6-8C38-F69D5590D8DF}.Debug|iPhoneSimulator.ActiveCfg = Debug|iPhoneSimulator
		{839EE314-53E3-44F6-8C38-F69D5590D8DF}.Debug|iPhoneSimulator.Build.0 = Debug|iPhoneSimulator
		{839EE314-53E3-44F6-8C38-F69D5590D8DF}.Debug|iPhoneSimulator.Deploy.0 = Debug|iPhoneSimulator
		{839EE314-53E3-44F6-8C38-F69D5590D8DF}.Release|Any CPU.ActiveCfg = Release|iPhone
		{839EE314-53E3-44F6-8C38-F69D5590D8DF}.Release|Any CPU.Build.0 = Release|iPhone
		{839EE314-53E3-44F6-8C38-F69D5590D8DF}.Release|Any CPU.Deploy.0 = Release|iPhone
		{839EE314-53E3-44F6-8C38-F69D5590D8DF}.Release|iPhone.ActiveCfg = Release|iPhone
		{839EE314-53E3-44F6-8C38-F69D5590D8DF}.Release|iPhone.Build.0 = Release|iPhone
		{839EE314-53E3-44F6-8C38-F69D5590D8DF}.Release|iPhone.Deploy.0 = Release|iPhone
		{839EE314-53E3-44F6-8C38-F69D5590D8DF}.Release|iPhoneSimulator.ActiveCfg = Release|iPhoneSimulator
		{839EE314-53E3-44F6-8C38-F69D5590D8DF}.Release|iPhoneSimulator.Build.0 = Release|iPhoneSimulator
		{839EE314-53E3-44F6-8C38-F69D5590D8DF}.Release|iPhoneSimulator.Deploy.0 = Release|iPhoneSimulator
		{645351DD-2A29-4CEB-80E6-75075238CB5C}.Ad-Hoc|Any CPU.ActiveCfg = Debug|Any CPU
		{645351DD-2A29-4CEB-80E6-75075238CB5C}.Ad-Hoc|Any CPU.Build.0 = Debug|Any CPU
		{645351DD-2A29-4CEB-80E6-75075238CB5C}.Ad-Hoc|Any CPU.Deploy.0 = Debug|Any CPU
		{645351DD-2A29-4CEB-80E6-75075238CB5C}.Ad-Hoc|iPhone.ActiveCfg = Debug|Any CPU
		{645351DD-2A29-4CEB-80E6-75075238CB5C}.Ad-Hoc|iPhone.Build.0 = Debug|Any CPU
		{645351DD-2A29-4CEB-80E6-75075238CB5C}.Ad-Hoc|iPhone.Deploy.0 = Debug|Any CPU
		{645351DD-2A29-4CEB-80E6-75075238CB5C}.Ad-Hoc|iPhoneSimulator.ActiveCfg = Debug|Any CPU
		{645351DD-2A29-4CEB-80E6-75075238CB5C}.Ad-Hoc|iPhoneSimulator.Build.0 = Debug|Any CPU
		{645351DD-2A29-4CEB-80E6-75075238CB5C}.Ad-Hoc|iPhoneSimulator.Deploy.0 = Debug|Any CPU
		{645351DD-2A29-4CEB-80E6-75075238CB5C}.AppStore|Any CPU.ActiveCfg = Debug|Any CPU
		{645351DD-2A29-4CEB-80E6-75075238CB5C}.AppStore|Any CPU.Build.0 = Debug|Any CPU
		{645351DD-2A29-4CEB-80E6-75075238CB5C}.AppStore|Any CPU.Deploy.0 = Debug|Any CPU
		{645351DD-2A29-4CEB-80E6-75075238CB5C}.AppStore|iPhone.ActiveCfg = Debug|Any CPU
		{645351DD-2A29-4CEB-80E6-75075238CB5C}.AppStore|iPhone.Build.0 = Debug|Any CPU
		{645351DD-2A29-4CEB-80E6-75075238CB5C}.AppStore|iPhone.Deploy.0 = Debug|Any CPU
		{645351DD-2A29-4CEB-80E6-75075238CB5C}.AppStore|iPhoneSimulator.ActiveCfg = Debug|Any CPU
		{645351DD-2A29-4CEB-80E6-75075238CB5C}.AppStore|iPhoneSimulator.Build.0 = Debug|Any CPU
		{645351DD-2A29-4CEB-80E6-75075238CB5C}.AppStore|iPhoneSimulator.Deploy.0 = Debug|Any CPU
		{645351DD-2A29-4CEB-80E6-75075238CB5C}.Debug|Any CPU.ActiveCfg = Debug|Any CPU
		{645351DD-2A29-4CEB-80E6-75075238CB5C}.Debug|Any CPU.Build.0 = Debug|Any CPU
		{645351DD-2A29-4CEB-80E6-75075238CB5C}.Debug|Any CPU.Deploy.0 = Debug|Any CPU
		{645351DD-2A29-4CEB-80E6-75075238CB5C}.Debug|iPhone.ActiveCfg = Debug|Any CPU
		{645351DD-2A29-4CEB-80E6-75075238CB5C}.Debug|iPhone.Build.0 = Debug|Any CPU
		{645351DD-2A29-4CEB-80E6-75075238CB5C}.Debug|iPhone.Deploy.0 = Debug|Any CPU
		{645351DD-2A29-4CEB-80E6-75075238CB5C}.Debug|iPhoneSimulator.ActiveCfg = Debug|Any CPU
		{645351DD-2A29-4CEB-80E6-75075238CB5C}.Debug|iPhoneSimulator.Build.0 = Debug|Any CPU
		{645351DD-2A29-4CEB-80E6-75075238CB5C}.Debug|iPhoneSimulator.Deploy.0 = Debug|Any CPU
		{645351DD-2A29-4CEB-80E6-75075238CB5C}.Release|Any CPU.ActiveCfg = Release|Any CPU
		{645351DD-2A29-4CEB-80E6-75075238CB5C}.Release|Any CPU.Build.0 = Release|Any CPU
		{645351DD-2A29-4CEB-80E6-75075238CB5C}.Release|Any CPU.Deploy.0 = Release|Any CPU
		{645351DD-2A29-4CEB-80E6-75075238CB5C}.Release|iPhone.ActiveCfg = Release|Any CPU
		{645351DD-2A29-4CEB-80E6-75075238CB5C}.Release|iPhone.Build.0 = Release|Any CPU
		{645351DD-2A29-4CEB-80E6-75075238CB5C}.Release|iPhone.Deploy.0 = Release|Any CPU
		{645351DD-2A29-4CEB-80E6-75075238CB5C}.Release|iPhoneSimulator.ActiveCfg = Release|Any CPU
		{645351DD-2A29-4CEB-80E6-75075238CB5C}.Release|iPhoneSimulator.Build.0 = Release|Any CPU
		{645351DD-2A29-4CEB-80E6-75075238CB5C}.Release|iPhoneSimulator.Deploy.0 = Release|Any CPU
	EndGlobalSection
	GlobalSection(SolutionProperties) = preSolution
		HideSolutionNode = FALSE
	EndGlobalSection
	GlobalSection(ExtensibilityGlobals) = postSolution
		SolutionGuid = {180606FB-3493-4BFE-9AA6-1264974F7C13}
	EndGlobalSection
EndGlobal
